
Microsoft Visual Studio Solution File, Format Version 12.00
# Visual Studio Version 17
VisualStudioVersion = 17.0.32014.148
MinimumVisualStudioVersion = 10.0.40219.1
Project("{FAE04EC0-301F-11D3-BF4B-00C04F79EFBC}") = "Prace domowe", "Prace domowe\Prace domowe.csproj", "{614CE99E-0C86-4AD2-9C9C-6FD03A4DD970}"
EndProject
Global
	GlobalSection(SolutionConfigurationPlatforms) = preSolution
		Debug|Any CPU = Debug|Any CPU
		Release|Any CPU = Release|Any CPU
	EndGlobalSection
	GlobalSection(ProjectConfigurationPlatforms) = postSolution
		{614CE99E-0C86-4AD2-9C9C-6FD03A4DD970}.Debug|Any CPU.ActiveCfg = Debug|Any CPU
		{614CE99E-0C86-4AD2-9C9C-6FD03A4DD970}.Debug|Any CPU.Build.0 = Debug|Any CPU
		{614CE99E-0C86-4AD2-9C9C-6FD03A4DD970}.Release|Any CPU.ActiveCfg = Release|Any CPU
		{614CE99E-0C86-4AD2-9C9C-6FD03A4DD970}.Release|Any CPU.Build.0 = Release|Any CPU
	EndGlobalSection
	GlobalSection(SolutionProperties) = preSolution
		HideSolutionNode = FALSE
	EndGlobalSection
	GlobalSection(ExtensibilityGlobals) = postSolution
		SolutionGuid = {2DD7DD13-C99A-4353-AB3E-C6B0C7C1441C}
	EndGlobalSection
EndGlobal
